// !$*UTF8*$!
{
	archiveVersion = 1;
	classes = {
	};
	objectVersion = 46;
	objects = {

/* Begin PBXBuildFile section */
		652385F319486D71008A779D /* Foundation.framework in Frameworks */ = {isa = PBXBuildFile; fileRef = 652385F219486D71008A779D /* Foundation.framework */; };
		652385F519486D71008A779D /* CoreGraphics.framework in Frameworks */ = {isa = PBXBuildFile; fileRef = 652385F419486D71008A779D /* CoreGraphics.framework */; };
		652385F719486D71008A779D /* UIKit.framework in Frameworks */ = {isa = PBXBuildFile; fileRef = 652385F619486D71008A779D /* UIKit.framework */; };
		652385FD19486D71008A779D /* InfoPlist.strings in Resources */ = {isa = PBXBuildFile; fileRef = 652385FB19486D71008A779D /* InfoPlist.strings */; };
		652385FF19486D71008A779D /* main.m in Sources */ = {isa = PBXBuildFile; fileRef = 652385FE19486D71008A779D /* main.m */; };
		6523860319486D71008A779D /* RFAppDelegate.m in Sources */ = {isa = PBXBuildFile; fileRef = 6523860219486D71008A779D /* RFAppDelegate.m */; };
		6523860619486D71008A779D /* Main.storyboard in Resources */ = {isa = PBXBuildFile; fileRef = 6523860419486D71008A779D /* Main.storyboard */; };
		6523860919486D71008A779D /* RFViewController.m in Sources */ = {isa = PBXBuildFile; fileRef = 6523860819486D71008A779D /* RFViewController.m */; };
		6523860B19486D71008A779D /* Images.xcassets in Resources */ = {isa = PBXBuildFile; fileRef = 6523860A19486D71008A779D /* Images.xcassets */; };
		6523861219486D71008A779D /* XCTest.framework in Frameworks */ = {isa = PBXBuildFile; fileRef = 6523861119486D71008A779D /* XCTest.framework */; };
		6523861319486D71008A779D /* Foundation.framework in Frameworks */ = {isa = PBXBuildFile; fileRef = 652385F219486D71008A779D /* Foundation.framework */; };
		6523861419486D71008A779D /* UIKit.framework in Frameworks */ = {isa = PBXBuildFile; fileRef = 652385F619486D71008A779D /* UIKit.framework */; };
		6523861C19486D71008A779D /* InfoPlist.strings in Resources */ = {isa = PBXBuildFile; fileRef = 6523861A19486D71008A779D /* InfoPlist.strings */; };
		6523861E19486D71008A779D /* UITableViewController_ChallengeTests.m in Sources */ = {isa = PBXBuildFile; fileRef = 6523861D19486D71008A779D /* UITableViewController_ChallengeTests.m */; };
/* End PBXBuildFile section */

/* Begin PBXContainerItemProxy section */
		6523861519486D71008A779D /* PBXContainerItemProxy */ = {
			isa = PBXContainerItemProxy;
			containerPortal = 652385E719486D70008A779D /* Project object */;
			proxyType = 1;
			remoteGlobalIDString = 652385EE19486D71008A779D;
			remoteInfo = "UITableViewController Challenge";
		};
/* End PBXContainerItemProxy section */

/* Begin PBXFileReference section */
		652385EF19486D71008A779D /* UITableViewController Challenge.app */ = {isa = PBXFileReference; explicitFileType = wrapper.application; includeInIndex = 0; path = "UITableViewController Challenge.app"; sourceTree = BUILT_PRODUCTS_DIR; };
		652385F219486D71008A779D /* Foundation.framework */ = {isa = PBXFileReference; lastKnownFileType = wrapper.framework; name = Foundation.framework; path = System/Library/Frameworks/Foundation.framework; sourceTree = SDKROOT; };
		652385F419486D71008A779D /* CoreGraphics.framework */ = {isa = PBXFileReference; lastKnownFileType = wrapper.framework; name = CoreGraphics.framework; path = System/Library/Frameworks/CoreGraphics.framework; sourceTree = SDKROOT; };
		652385F619486D71008A779D /* UIKit.framework */ = {isa = PBXFileReference; lastKnownFileType = wrapper.framework; name = UIKit.framework; path = System/Library/Frameworks/UIKit.framework; sourceTree = SDKROOT; };
		652385FA19486D71008A779D /* UITableViewController Challenge-Info.plist */ = {isa = PBXFileReference; lastKnownFileType = text.plist.xml; path = "UITableViewController Challenge-Info.plist"; sourceTree = "<group>"; };
		652385FC19486D71008A779D /* en */ = {isa = PBXFileReference; lastKnownFileType = text.plist.strings; name = en; path = en.lproj/InfoPlist.strings; sourceTree = "<group>"; };
		652385FE19486D71008A779D /* main.m */ = {isa = PBXFileReference; lastKnownFileType = sourcecode.c.objc; path = main.m; sourceTree = "<group>"; };
		6523860019486D71008A779D /* UITableViewController Challenge-Prefix.pch */ = {isa = PBXFileReference; lastKnownFileType = sourcecode.c.h; path = "UITableViewController Challenge-Prefix.pch"; sourceTree = "<group>"; };
		6523860119486D71008A779D /* RFAppDelegate.h */ = {isa = PBXFileReference; lastKnownFileType = sourcecode.c.h; path = RFAppDelegate.h; sourceTree = "<group>"; };
		6523860219486D71008A779D /* RFAppDelegate.m */ = {isa = PBXFileReference; lastKnownFileType = sourcecode.c.objc; path = RFAppDelegate.m; sourceTree = "<group>"; };
		6523860519486D71008A779D /* Base */ = {isa = PBXFileReference; lastKnownFileType = file.storyboard; name = Base; path = Base.lproj/Main.storyboard; sourceTree = "<group>"; };
		6523860719486D71008A779D /* RFViewController.h */ = {isa = PBXFileReference; lastKnownFileType = sourcecode.c.h; path = RFViewController.h; sourceTree = "<group>"; };
		6523860819486D71008A779D /* RFViewController.m */ = {isa = PBXFileReference; lastKnownFileType = sourcecode.c.objc; path = RFViewController.m; sourceTree = "<group>"; };
		6523860A19486D71008A779D /* Images.xcassets */ = {isa = PBXFileReference; lastKnownFileType = folder.assetcatalog; path = Images.xcassets; sourceTree = "<group>"; };
		6523861019486D71008A779D /* UITableViewController ChallengeTests.xctest */ = {isa = PBXFileReference; explicitFileType = wrapper.cfbundle; includeInIndex = 0; path = "UITableViewController ChallengeTests.xctest"; sourceTree = BUILT_PRODUCTS_DIR; };
		6523861119486D71008A779D /* XCTest.framework */ = {isa = PBXFileReference; lastKnownFileType = wrapper.framework; name = XCTest.framework; path = Library/Frameworks/XCTest.framework; sourceTree = DEVELOPER_DIR; };
		6523861919486D71008A779D /* UITableViewController ChallengeTests-Info.plist */ = {isa = PBXFileReference; lastKnownFileType = text.plist.xml; path = "UITableViewController ChallengeTests-Info.plist"; sourceTree = "<group>"; };
		6523861B19486D71008A779D /* en */ = {isa = PBXFileReference; lastKnownFileType = text.plist.strings; name = en; path = en.lproj/InfoPlist.strings; sourceTree = "<group>"; };
		6523861D19486D71008A779D /* UITableViewController_ChallengeTests.m */ = {isa = PBXFileReference; lastKnownFileType = sourcecode.c.objc; path = UITableViewController_ChallengeTests.m; sourceTree = "<group>"; };
/* End PBXFileReference section */

/* Begin PBXFrameworksBuildPhase section */
		652385EC19486D71008A779D /* Frameworks */ = {
			isa = PBXFrameworksBuildPhase;
			buildActionMask = 2147483647;
			files = (
				652385F519486D71008A779D /* CoreGraphics.framework in Frameworks */,
				652385F719486D71008A779D /* UIKit.framework in Frameworks */,
				652385F319486D71008A779D /* Foundation.framework in Frameworks */,
			);
			runOnlyForDeploymentPostprocessing = 0;
		};
		6523860D19486D71008A779D /* Frameworks */ = {
			isa = PBXFrameworksBuildPhase;
			buildActionMask = 2147483647;
			files = (
				6523861219486D71008A779D /* XCTest.framework in Frameworks */,
				6523861419486D71008A779D /* UIKit.framework in Frameworks */,
				6523861319486D71008A779D /* Foundation.framework in Frameworks */,
			);
			runOnlyForDeploymentPostprocessing = 0;
		};
/* End PBXFrameworksBuildPhase section */

/* Begin PBXGroup section */
		652385E619486D70008A779D = {
			isa = PBXGroup;
			children = (
				652385F819486D71008A779D /* UITableViewController Challenge */,
				6523861719486D71008A779D /* UITableViewController ChallengeTests */,
				652385F119486D71008A779D /* Frameworks */,
				652385F019486D71008A779D /* Products */,
			);
			sourceTree = "<group>";
		};
		652385F019486D71008A779D /* Products */ = {
			isa = PBXGroup;
			children = (
				652385EF19486D71008A779D /* UITableViewController Challenge.app */,
				6523861019486D71008A779D /* UITableViewController ChallengeTests.xctest */,
			);
			name = Products;
			sourceTree = "<group>";
		};
		652385F119486D71008A779D /* Frameworks */ = {
			isa = PBXGroup;
			children = (
				652385F219486D71008A779D /* Foundation.framework */,
				652385F419486D71008A779D /* CoreGraphics.framework */,
				652385F619486D71008A779D /* UIKit.framework */,
				6523861119486D71008A779D /* XCTest.framework */,
			);
			name = Frameworks;
			sourceTree = "<group>";
		};
		652385F819486D71008A779D /* UITableViewController Challenge */ = {
			isa = PBXGroup;
			children = (
				6523860119486D71008A779D /* RFAppDelegate.h */,
				6523860219486D71008A779D /* RFAppDelegate.m */,
				6523860419486D71008A779D /* Main.storyboard */,
				6523860719486D71008A779D /* RFViewController.h */,
				6523860819486D71008A779D /* RFViewController.m */,
				6523860A19486D71008A779D /* Images.xcassets */,
				652385F919486D71008A779D /* Supporting Files */,
			);
			path = "UITableViewController Challenge";
			sourceTree = "<group>";
		};
		652385F919486D71008A779D /* Supporting Files */ = {
			isa = PBXGroup;
			children = (
				652385FA19486D71008A779D /* UITableViewController Challenge-Info.plist */,
				652385FB19486D71008A779D /* InfoPlist.strings */,
				652385FE19486D71008A779D /* main.m */,
				6523860019486D71008A779D /* UITableViewController Challenge-Prefix.pch */,
			);
			name = "Supporting Files";
			sourceTree = "<group>";
		};
		6523861719486D71008A779D /* UITableViewController ChallengeTests */ = {
			isa = PBXGroup;
			children = (
				6523861D19486D71008A779D /* UITableViewController_ChallengeTests.m */,
				6523861819486D71008A779D /* Supporting Files */,
			);
			path = "UITableViewController ChallengeTests";
			sourceTree = "<group>";
		};
		6523861819486D71008A779D /* Supporting Files */ = {
			isa = PBXGroup;
			children = (
				6523861919486D71008A779D /* UITableViewController ChallengeTests-Info.plist */,
				6523861A19486D71008A779D /* InfoPlist.strings */,
			);
			name = "Supporting Files";
			sourceTree = "<group>";
		};
/* End PBXGroup section */

/* Begin PBXNativeTarget section */
		652385EE19486D71008A779D /* UITableViewController Challenge */ = {
			isa = PBXNativeTarget;
			buildConfigurationList = 6523862119486D71008A779D /* Build configuration list for PBXNativeTarget "UITableViewController Challenge" */;
			buildPhases = (
				652385EB19486D71008A779D /* Sources */,
				652385EC19486D71008A779D /* Frameworks */,
				652385ED19486D71008A779D /* Resources */,
			);
			buildRules = (
			);
			dependencies = (
			);
			name = "UITableViewController Challenge";
			productName = "UITableViewController Challenge";
			productReference = 652385EF19486D71008A779D /* UITableViewController Challenge.app */;
			productType = "com.apple.product-type.application";
		};
		6523860F19486D71008A779D /* UITableViewController ChallengeTests */ = {
			isa = PBXNativeTarget;
			buildConfigurationList = 6523862419486D71008A779D /* Build configuration list for PBXNativeTarget "UITableViewController ChallengeTests" */;
			buildPhases = (
				6523860C19486D71008A779D /* Sources */,
				6523860D19486D71008A779D /* Frameworks */,
				6523860E19486D71008A779D /* Resources */,
			);
			buildRules = (
			);
			dependencies = (
				6523861619486D71008A779D /* PBXTargetDependency */,
			);
			name = "UITableViewController ChallengeTests";
			productName = "UITableViewController ChallengeTests";
			productReference = 6523861019486D71008A779D /* UITableViewController ChallengeTests.xctest */;
			productType = "com.apple.product-type.bundle.unit-test";
		};
/* End PBXNativeTarget section */

/* Begin PBXProject section */
		652385E719486D70008A779D /* Project object */ = {
			isa = PBXProject;
			attributes = {
				CLASSPREFIX = RF;
				LastUpgradeCheck = 0510;
				ORGANIZATIONNAME = Rinfore;
				TargetAttributes = {
					6523860F19486D71008A779D = {
						TestTargetID = 652385EE19486D71008A779D;
					};
				};
			};
			buildConfigurationList = 652385EA19486D70008A779D /* Build configuration list for PBXProject "UITableViewController Challenge" */;
			compatibilityVersion = "Xcode 3.2";
			developmentRegion = English;
			hasScannedForEncodings = 0;
			knownRegions = (
				en,
				Base,
			);
			mainGroup = 652385E619486D70008A779D;
			productRefGroup = 652385F019486D71008A779D /* Products */;
			projectDirPath = "";
			projectRoot = "";
			targets = (
				652385EE19486D71008A779D /* UITableViewController Challenge */,
				6523860F19486D71008A779D /* UITableViewController ChallengeTests */,
			);
		};
/* End PBXProject section */

/* Begin PBXResourcesBuildPhase section */
		652385ED19486D71008A779D /* Resources */ = {
			isa = PBXResourcesBuildPhase;
			buildActionMask = 2147483647;
			files = (
				6523860B19486D71008A779D /* Images.xcassets in Resources */,
				652385FD19486D71008A779D /* InfoPlist.strings in Resources */,
				6523860619486D71008A779D /* Main.storyboard in Resources */,
			);
			runOnlyForDeploymentPostprocessing = 0;
		};
		6523860E19486D71008A779D /* Resources */ = {
			isa = PBXResourcesBuildPhase;
			buildActionMask = 2147483647;
			files = (
				6523861C19486D71008A779D /* InfoPlist.strings in Resources */,
			);
			runOnlyForDeploymentPostprocessing = 0;
		};
/* End PBXResourcesBuildPhase section */

/* Begin PBXSourcesBuildPhase section */
		652385EB19486D71008A779D /* Sources */ = {
			isa = PBXSourcesBuildPhase;
			buildActionMask = 2147483647;
			files = (
				6523860319486D71008A779D /* RFAppDelegate.m in Sources */,
				652385FF19486D71008A779D /* main.m in Sources */,
				6523860919486D71008A779D /* RFViewController.m in Sources */,
			);
			runOnlyForDeploymentPostprocessing = 0;
		};
		6523860C19486D71008A779D /* Sources */ = {
			isa = PBXSourcesBuildPhase;
			buildActionMask = 2147483647;
			files = (
				6523861E19486D71008A779D /* UITableViewController_ChallengeTests.m in Sources */,
			);
			runOnlyForDeploymentPostprocessing = 0;
		};
/* End PBXSourcesBuildPhase section */

/* Begin PBXTargetDependency section */
		6523861619486D71008A779D /* PBXTargetDependency */ = {
			isa = PBXTargetDependency;
			target = 652385EE19486D71008A779D /* UITableViewController Challenge */;
			targetProxy = 6523861519486D71008A779D /* PBXContainerItemProxy */;
		};
/* End PBXTargetDependency section */

/* Begin PBXVariantGroup section */
		652385FB19486D71008A779D /* InfoPlist.strings */ = {
			isa = PBXVariantGroup;
			children = (
				652385FC19486D71008A779D /* en */,
			);
			name = InfoPlist.strings;
			sourceTree = "<group>";
		};
		6523860419486D71008A779D /* Main.storyboard */ = {
			isa = PBXVariantGroup;
			children = (
				6523860519486D71008A779D /* Base */,
			);
			name = Main.storyboard;
			sourceTree = "<group>";
		};
		6523861A19486D71008A779D /* InfoPlist.strings */ = {
			isa = PBXVariantGroup;
			children = (
				6523861B19486D71008A779D /* en */,
			);
			name = InfoPlist.strings;
			sourceTree = "<group>";
		};
/* End PBXVariantGroup section */

/* Begin XCBuildConfiguration section */
		6523861F19486D71008A779D /* Debug */ = {
			isa = XCBuildConfiguration;
			buildSettings = {
				ALWAYS_SEARCH_USER_PATHS = NO;
				CLANG_CXX_LANGUAGE_STANDARD = "gnu++0x";
				CLANG_CXX_LIBRARY = "libc++";
				CLANG_ENABLE_MODULES = YES;
				CLANG_ENABLE_OBJC_ARC = YES;
				CLANG_WARN_BOOL_CONVERSION = YES;
				CLANG_WARN_CONSTANT_CONVERSION = YES;
				CLANG_WARN_DIRECT_OBJC_ISA_USAGE = YES_ERROR;
				CLANG_WARN_EMPTY_BODY = YES;
				CLANG_WARN_ENUM_CONVERSION = YES;
				CLANG_WARN_INT_CONVERSION = YES;
				CLANG_WARN_OBJC_ROOT_CLASS = YES_ERROR;
				CLANG_WARN__DUPLICATE_METHOD_MATCH = YES;
				"CODE_SIGN_IDENTITY[sdk=iphoneos*]" = "iPhone Developer";
				COPY_PHASE_STRIP = NO;
				GCC_C_LANGUAGE_STANDARD = gnu99;
				GCC_DYNAMIC_NO_PIC = NO;
				GCC_OPTIMIZATION_LEVEL = 0;
				GCC_PREPROCESSOR_DEFINITIONS = (
					"DEBUG=1",
					"$(inherited)",
				);
				GCC_SYMBOLS_PRIVATE_EXTERN = NO;
				GCC_WARN_64_TO_32_BIT_CONVERSION = YES;
				GCC_WARN_ABOUT_RETURN_TYPE = YES_ERROR;
				GCC_WARN_UNDECLARED_SELECTOR = YES;
				GCC_WARN_UNINITIALIZED_AUTOS = YES_AGGRESSIVE;
				GCC_WARN_UNUSED_FUNCTION = YES;
				GCC_WARN_UNUSED_VARIABLE = YES;
				IPHONEOS_DEPLOYMENT_TARGET = 7.1;
				ONLY_ACTIVE_ARCH = YES;
				SDKROOT = iphoneos;
			};
			name = Debug;
		};
		6523862019486D71008A779D /* Release */ = {
			isa = XCBuildConfiguration;
			buildSettings = {
				ALWAYS_SEARCH_USER_PATHS = NO;
				CLANG_CXX_LANGUAGE_STANDARD = "gnu++0x";
				CLANG_CXX_LIBRARY = "libc++";
				CLANG_ENABLE_MODULES = YES;
				CLANG_ENABLE_OBJC_ARC = YES;
				CLANG_WARN_BOOL_CONVERSION = YES;
				CLANG_WARN_CONSTANT_CONVERSION = YES;
				CLANG_WARN_DIRECT_OBJC_ISA_USAGE = YES_ERROR;
				CLANG_WARN_EMPTY_BODY = YES;
				CLANG_WARN_ENUM_CONVERSION = YES;
				CLANG_WARN_INT_CONVERSION = YES;
				CLANG_WARN_OBJC_ROOT_CLASS = YES_ERROR;
				CLANG_WARN__DUPLICATE_METHOD_MATCH = YES;
				"CODE_SIGN_IDENTITY[sdk=iphoneos*]" = "iPhone Developer";
				COPY_PHASE_STRIP = YES;
				ENABLE_NS_ASSERTIONS = NO;
				GCC_C_LANGUAGE_STANDARD = gnu99;
				GCC_WARN_64_TO_32_BIT_CONVERSION = YES;
				GCC_WARN_ABOUT_RETURN_TYPE = YES_ERROR;
				GCC_WARN_UNDECLARED_SELECTOR = YES;
				GCC_WARN_UNINITIALIZED_AUTOS = YES_AGGRESSIVE;
				GCC_WARN_UNUSED_FUNCTION = YES;
				GCC_WARN_UNUSED_VARIABLE = YES;
				IPHONEOS_DEPLOYMENT_TARGET = 7.1;
				SDKROOT = iphoneos;
				VALIDATE_PRODUCT = YES;
			};
			name = Release;
		};
		6523862219486D71008A779D /* Debug */ = {
			isa = XCBuildConfiguration;
			buildSettings = {
				ASSETCATALOG_COMPILER_APPICON_NAME = AppIcon;
				ASSETCATALOG_COMPILER_LAUNCHIMAGE_NAME = LaunchImage;
				GCC_PRECOMPILE_PREFIX_HEADER = YES;
				GCC_PREFIX_HEADER = "UITableViewController Challenge/UITableViewController Challenge-Prefix.pch";
				INFOPLIST_FILE = "UITableViewController Challenge/UITableViewController Challenge-Info.plist";
				PRODUCT_NAME = "$(TARGET_NAME)";
				WRAPPER_EXTENSION = app;
			};
			name = Debug;
		};
		6523862319486D71008A779D /* Release */ = {
			isa = XCBuildConfiguration;
			buildSettings = {
				ASSETCATALOG_COMPILER_APPICON_NAME = AppIcon;
				ASSETCATALOG_COMPILER_LAUNCHIMAGE_NAME = LaunchImage;
				GCC_PRECOMPILE_PREFIX_HEADER = YES;
				GCC_PREFIX_HEADER = "UITableViewController Challenge/UITableViewController Challenge-Prefix.pch";
				INFOPLIST_FILE = "UITableViewController Challenge/UITableViewController Challenge-Info.plist";
				PRODUCT_NAME = "$(TARGET_NAME)";
				WRAPPER_EXTENSION = app;
			};
			name = Release;
		};
		6523862519486D71008A779D /* Debug */ = {
			isa = XCBuildConfiguration;
			buildSettings = {
				BUNDLE_LOADER = "$(BUILT_PRODUCTS_DIR)/UITableViewController Challenge.app/UITableViewController Challenge";
				FRAMEWORK_SEARCH_PATHS = (
					"$(SDKROOT)/Developer/Library/Frameworks",
					"$(inherited)",
					"$(DEVELOPER_FRAMEWORKS_DIR)",
				);
				GCC_PRECOMPILE_PREFIX_HEADER = YES;
				GCC_PREFIX_HEADER = "UITableViewController Challenge/UITableViewController Challenge-Prefix.pch";
				GCC_PREPROCESSOR_DEFINITIONS = (
					"DEBUG=1",
					"$(inherited)",
				);
				INFOPLIST_FILE = "UITableViewController ChallengeTests/UITableViewController ChallengeTests-Info.plist";
				PRODUCT_NAME = "$(TARGET_NAME)";
				TEST_HOST = "$(BUNDLE_LOADER)";
				WRAPPER_EXTENSION = xctest;
			};
			name = Debug;
		};
		6523862619486D71008A779D /* Release */ = {
			isa = XCBuildConfiguration;
			buildSettings = {
				BUNDLE_LOADER = "$(BUILT_PRODUCTS_DIR)/UITableViewController Challenge.app/UITableViewController Challenge";
				FRAMEWORK_SEARCH_PATHS = (
					"$(SDKROOT)/Developer/Library/Frameworks",
					"$(inherited)",
					"$(DEVELOPER_FRAMEWORKS_DIR)",
				);
				GCC_PRECOMPILE_PREFIX_HEADER = YES;
				GCC_PREFIX_HEADER = "UITableViewController Challenge/UITableViewController Challenge-Prefix.pch";
				INFOPLIST_FILE = "UITableViewController ChallengeTests/UITableViewController ChallengeTests-Info.plist";
				PRODUCT_NAME = "$(TARGET_NAME)";
				TEST_HOST = "$(BUNDLE_LOADER)";
				WRAPPER_EXTENSION = xctest;
			};
			name = Release;
		};
/* End XCBuildConfiguration section */

/* Begin XCConfigurationList section */
		652385EA19486D70008A779D /* Build configuration list for PBXProject "UITableViewController Challenge" */ = {
			isa = XCConfigurationList;
			buildConfigurations = (
				6523861F19486D71008A779D /* Debug */,
				6523862019486D71008A779D /* Release */,
			);
			defaultConfigurationIsVisible = 0;
			defaultConfigurationName = Release;
		};
		6523862119486D71008A779D /* Build configuration list for PBXNativeTarget "UITableViewController Challenge" */ = {
			isa = XCConfigurationList;
			buildConfigurations = (
				6523862219486D71008A779D /* Debug */,
				6523862319486D71008A779D /* Release */,
			);
			defaultConfigurationIsVisible = 0;
		};
		6523862419486D71008A779D /* Build configuration list for PBXNativeTarget "UITableViewController ChallengeTests" */ = {
			isa = XCConfigurationList;
			buildConfigurations = (
				6523862519486D71008A779D /* Debug */,
				6523862619486D71008A779D /* Release */,
			);
			defaultConfigurationIsVisible = 0;
		};
/* End XCConfigurationList section */
	};
	rootObject = 652385E719486D70008A779D /* Project object */;
}
